# THIS IS AN AUTOGENERATED FILE. DO NOT EDIT THIS FILE DIRECTLY.
# yarn lockfile v1


"@types/node@^6.14.4":
  version "6.14.13"
  resolved "https://registry.yarnpkg.com/@types/node/-/node-6.14.13.tgz#b6649578fc0b5dac88c4ef48a46cab33c50a6c72"
  integrity sha512-J1F0XJ/9zxlZel5ZlbeSuHW2OpabrUAqpFuC2sm2I3by8sERQ8+KCjNKUcq8QHuzpGMWiJpo9ZxeHrqrP2KzQw==

async-exit-hook@^2.0.1:
  version "2.0.1"
  resolved "https://registry.yarnpkg.com/async-exit-hook/-/async-exit-hook-2.0.1.tgz#8bd8b024b0ec9b1c01cccb9af9db29bd717dfaf3"
  integrity sha512-NW2cX8m1Q7KPA7a5M2ULQeZ2wR5qI5PAbw5L0UOMxdioVk9PMZ0h1TmyZEkPYrCvYjDlFICusOu1dlEKAAeXBw==

binary-parser@1.1.5:
  version "1.1.5"
  resolved "https://registry.yarnpkg.com/binary-parser/-/binary-parser-1.1.5.tgz#7224d61a4e2fa7b5aede69fe4f0ea6a0902b79e8"
  integrity sha1-ciTWGk4vp7Wu3mn+Tw6moJAreeg=

binary-protocol@0.0.0:
  version "0.0.0"
  resolved "https://registry.yarnpkg.com/binary-protocol/-/binary-protocol-0.0.0.tgz#654e2d6c207c1d2eeaa65d5d6a2b3eba59aed36e"
  integrity sha1-ZU4tbCB8HS7qpl1dais+ulmu024=
  dependencies:
    bluebird "~2.2.2"

bluebird@~2.2.2:
  version "2.2.2"
  resolved "https://registry.yarnpkg.com/bluebird/-/bluebird-2.2.2.tgz#f1bf05abc887cf9a703886237c28610a43b1f114"
  integrity sha1-8b8Fq8iHz5pwOIYjfChhCkOx8RQ=

ipaddr.js@1.2.0:
  version "1.2.0"
  resolved "https://registry.yarnpkg.com/ipaddr.js/-/ipaddr.js-1.2.0.tgz#8aba49c9192799585bdd643e0ccb50e8ae777ba4"
  integrity sha1-irpJyRknmVhb3WQ+DMtQ6K53e6Q=

"knx@ https://pkoerner@bitbucket.org/pkoerner/knx.js.git#reliable-disconnect":
  version "2.5.0"
  resolved " https://pkoerner@bitbucket.org/pkoerner/knx.js.git#4661aab6b843de9f2633db4ac9bcf2ab9ee76d4e"
  dependencies:
    "@types/node" "^6.14.4"
    binary-parser "1.1.5"
    binary-protocol "0.0.0"
    ipaddr.js "1.2.0"
    log-driver "1.2.7"
    machina "^4.0.2"

lodash@^4.17.5:
  version "4.17.21"
  resolved "https://registry.yarnpkg.com/lodash/-/lodash-4.17.21.tgz#679591c564c3bffaae8454cf0b3df370c3d6911c"
  integrity sha512-v2kDEe57lecTulaDIuNTPy3Ry4gLGJ6Z1O3vE1krgXZNrsQ+LFTGHVxVjcXPs17LhbZVGedAJv8XZ1tvj5FvSg==

log-driver@1.2.7:
  version "1.2.7"
  resolved "https://registry.yarnpkg.com/log-driver/-/log-driver-1.2.7.tgz#63b95021f0702fedfa2c9bb0a24e7797d71871d8"
  integrity sha512-U7KCmLdqsGHBLeWqYlFA0V0Sl6P08EE1ZrmA9cxjUE0WVqT9qnyVDPz1kzpFEP0jdJuFnasWIfSd7fsaNXkpbg==

machina@^4.0.2:
  version "4.0.2"
  resolved "https://registry.yarnpkg.com/machina/-/machina-4.0.2.tgz#7ba13ea317fafc5c64cde75337fad168e1ac3937"
  integrity sha512-OOlFrW1rd783S6tF36v5Ie/TM64gfvSl9kYLWL2cPA31J71HHWW3XrgSe1BZSFAPkh8532CMJMLv/s9L2aopiA==
  dependencies:
    lodash "^4.17.5"
